
Microsoft Visual Studio Solution File, Format Version 12.00
# Visual Studio Version 17
VisualStudioVersion = 17.0.32112.339
MinimumVisualStudioVersion = 10.0.40219.1
Project("{FAE04EC0-301F-11D3-BF4B-00C04F79EFBC}") = "ServerApp", "ServerApp\ServerApp.csproj", "{7597F1D3-47A0-4C5F-9D94-41247C45E5ED}"
EndProject
Project("{FAE04EC0-301F-11D3-BF4B-00C04F79EFBC}") = "ClientApp", "ClientApp\ClientApp.csproj", "{6768DC2F-934B-4CC8-B689-93A18ECF6E81}"
EndProject
Global
	GlobalSection(SolutionConfigurationPlatforms) = preSolution
		Debug|Any CPU = Debug|Any CPU
		Release|Any CPU = Release|Any CPU
	EndGlobalSection
	GlobalSection(ProjectConfigurationPlatforms) = postSolution
		{7597F1D3-47A0-4C5F-9D94-41247C45E5ED}.Debug|Any CPU.ActiveCfg = Debug|Any CPU
		{7597F1D3-47A0-4C5F-9D94-41247C45E5ED}.Debug|Any CPU.Build.0 = Debug|Any CPU
		{7597F1D3-47A0-4C5F-9D94-41247C45E5ED}.Release|Any CPU.ActiveCfg = Release|Any CPU
		{7597F1D3-47A0-4C5F-9D94-41247C45E5ED}.Release|Any CPU.Build.0 = Release|Any CPU
		{6768DC2F-934B-4CC8-B689-93A18ECF6E81}.Debug|Any CPU.ActiveCfg = Debug|Any CPU
		{6768DC2F-934B-4CC8-B689-93A18ECF6E81}.Debug|Any CPU.Build.0 = Debug|Any CPU
		{6768DC2F-934B-4CC8-B689-93A18ECF6E81}.Release|Any CPU.ActiveCfg = Release|Any CPU
		{6768DC2F-934B-4CC8-B689-93A18ECF6E81}.Release|Any CPU.Build.0 = Release|Any CPU
	EndGlobalSection
	GlobalSection(SolutionProperties) = preSolution
		HideSolutionNode = FALSE
	EndGlobalSection
	GlobalSection(ExtensibilityGlobals) = postSolution
		SolutionGuid = {40E29B34-B4BA-4F75-BD5C-6F5B71D9B3CA}
	EndGlobalSection
EndGlobal
